// !$*UTF8*$!
{
	archiveVersion = 1;
	classes = {
	};
	objectVersion = 50;
	objects = {

/* Begin PBXBuildFile section */
		309812F1263B358C00D6E5D9 /* Renderer.swift in Sources */ = {isa = PBXBuildFile; fileRef = 309812F0263B358C00D6E5D9 /* Renderer.swift */; };
		309812F72643899600D6E5D9 /* Shaders.metal in Sources */ = {isa = PBXBuildFile; fileRef = 309812F62643899600D6E5D9 /* Shaders.metal */; };
		3098131F2643E10800D6E5D9 /* external-content.duckduckgo.png in Resources */ = {isa = PBXBuildFile; fileRef = 3098131E2643E10800D6E5D9 /* external-content.duckduckgo.png */; };
		30D70AAF26164D1B0021C436 /* AppDelegate.swift in Sources */ = {isa = PBXBuildFile; fileRef = 30D70AAE26164D1B0021C436 /* AppDelegate.swift */; };
		30D70AB126164D1B0021C436 /* SceneDelegate.swift in Sources */ = {isa = PBXBuildFile; fileRef = 30D70AB026164D1B0021C436 /* SceneDelegate.swift */; };
		30D70AB326164D1B0021C436 /* ViewController.swift in Sources */ = {isa = PBXBuildFile; fileRef = 30D70AB226164D1B0021C436 /* ViewController.swift */; };
		30D70AB626164D1B0021C436 /* Main.storyboard in Resources */ = {isa = PBXBuildFile; fileRef = 30D70AB426164D1B0021C436 /* Main.storyboard */; };
		30D70AB826164D1C0021C436 /* Assets.xcassets in Resources */ = {isa = PBXBuildFile; fileRef = 30D70AB726164D1C0021C436 /* Assets.xcassets */; };
		30D70ABB26164D1C0021C436 /* LaunchScreen.storyboard in Resources */ = {isa = PBXBuildFile; fileRef = 30D70AB926164D1C0021C436 /* LaunchScreen.storyboard */; };
/* End PBXBuildFile section */

/* Begin PBXFileReference section */
		309812F0263B358C00D6E5D9 /* Renderer.swift */ = {isa = PBXFileReference; lastKnownFileType = sourcecode.swift; path = Renderer.swift; sourceTree = "<group>"; };
		309812F426437D2A00D6E5D9 /* ShaderTypes.h */ = {isa = PBXFileReference; lastKnownFileType = sourcecode.c.h; path = ShaderTypes.h; sourceTree = "<group>"; };
		309812F62643899600D6E5D9 /* Shaders.metal */ = {isa = PBXFileReference; lastKnownFileType = sourcecode.metal; path = Shaders.metal; sourceTree = "<group>"; };
		3098131E2643E10800D6E5D9 /* external-content.duckduckgo.png */ = {isa = PBXFileReference; lastKnownFileType = image.png; name = "external-content.duckduckgo.png"; path = "../../external-content.duckduckgo.png"; sourceTree = "<group>"; };
		30D70AAB26164D1B0021C436 /* DistoMeasure.app */ = {isa = PBXFileReference; explicitFileType = wrapper.application; includeInIndex = 0; path = DistoMeasure.app; sourceTree = BUILT_PRODUCTS_DIR; };
		30D70AAE26164D1B0021C436 /* AppDelegate.swift */ = {isa = PBXFileReference; lastKnownFileType = sourcecode.swift; path = AppDelegate.swift; sourceTree = "<group>"; };
		30D70AB026164D1B0021C436 /* SceneDelegate.swift */ = {isa = PBXFileReference; lastKnownFileType = sourcecode.swift; path = SceneDelegate.swift; sourceTree = "<group>"; };
		30D70AB226164D1B0021C436 /* ViewController.swift */ = {isa = PBXFileReference; lastKnownFileType = sourcecode.swift; path = ViewController.swift; sourceTree = "<group>"; };
		30D70AB526164D1B0021C436 /* Base */ = {isa = PBXFileReference; lastKnownFileType = file.storyboard; name = Base; path = Base.lproj/Main.storyboard; sourceTree = "<group>"; };
		30D70AB726164D1C0021C436 /* Assets.xcassets */ = {isa = PBXFileReference; lastKnownFileType = folder.assetcatalog; path = Assets.xcassets; sourceTree = "<group>"; };
		30D70ABA26164D1C0021C436 /* Base */ = {isa = PBXFileReference; lastKnownFileType = file.storyboard; name = Base; path = Base.lproj/LaunchScreen.storyboard; sourceTree = "<group>"; };
		30D70ABC26164D1C0021C436 /* Info.plist */ = {isa = PBXFileReference; lastKnownFileType = text.plist.xml; path = Info.plist; sourceTree = "<group>"; };
/* End PBXFileReference section */

/* Begin PBXFrameworksBuildPhase section */
		30D70AA826164D1B0021C436 /* Frameworks */ = {
			isa = PBXFrameworksBuildPhase;
			buildActionMask = 2147483647;
			files = (
			);
			runOnlyForDeploymentPostprocessing = 0;
		};
/* End PBXFrameworksBuildPhase section */

/* Begin PBXGroup section */
		30D70AA226164D1B0021C436 = {
			isa = PBXGroup;
			children = (
				30D70AAD26164D1B0021C436 /* WorldTracking */,
				30D70AAC26164D1B0021C436 /* Products */,
			);
			sourceTree = "<group>";
		};
		30D70AAC26164D1B0021C436 /* Products */ = {
			isa = PBXGroup;
			children = (
				30D70AAB26164D1B0021C436 /* DistoMeasure.app */,
			);
			name = Products;
			sourceTree = "<group>";
		};
		30D70AAD26164D1B0021C436 /* WorldTracking */ = {
			isa = PBXGroup;
			children = (
				3098131E2643E10800D6E5D9 /* external-content.duckduckgo.png */,
				30D70AAE26164D1B0021C436 /* AppDelegate.swift */,
				30D70AB026164D1B0021C436 /* SceneDelegate.swift */,
				30D70AB226164D1B0021C436 /* ViewController.swift */,
				309812F426437D2A00D6E5D9 /* ShaderTypes.h */,
				309812F62643899600D6E5D9 /* Shaders.metal */,
				309812F0263B358C00D6E5D9 /* Renderer.swift */,
				30D70AB426164D1B0021C436 /* Main.storyboard */,
				30D70AB726164D1C0021C436 /* Assets.xcassets */,
				30D70AB926164D1C0021C436 /* LaunchScreen.storyboard */,
				30D70ABC26164D1C0021C436 /* Info.plist */,
			);
			path = WorldTracking;
			sourceTree = "<group>";
		};
/* End PBXGroup section */

/* Begin PBXNativeTarget section */
		30D70AAA26164D1B0021C436 /* DistoMeasure */ = {
			isa = PBXNativeTarget;
			buildConfigurationList = 30D70ABF26164D1C0021C436 /* Build configuration list for PBXNativeTarget "DistoMeasure" */;
			buildPhases = (
				30D70AA726164D1B0021C436 /* Sources */,
				30D70AA826164D1B0021C436 /* Frameworks */,
				30D70AA926164D1B0021C436 /* Resources */,
			);
			buildRules = (
			);
			dependencies = (
			);
			name = DistoMeasure;
			productName = WorldTracking;
			productReference = 30D70AAB26164D1B0021C436 /* DistoMeasure.app */;
			productType = "com.apple.product-type.application";
		};
/* End PBXNativeTarget section */

/* Begin PBXProject section */
		30D70AA326164D1B0021C436 /* Project object */ = {
			isa = PBXProject;
			attributes = {
				LastSwiftUpdateCheck = 1240;
				LastUpgradeCheck = 1240;
				TargetAttributes = {
					30D70AAA26164D1B0021C436 = {
						CreatedOnToolsVersion = 12.4;
					};
				};
			};
			buildConfigurationList = 30D70AA626164D1B0021C436 /* Build configuration list for PBXProject "DistoMeasure" */;
			compatibilityVersion = "Xcode 9.3";
			developmentRegion = en;
			hasScannedForEncodings = 0;
			knownRegions = (
				en,
				Base,
			);
			mainGroup = 30D70AA226164D1B0021C436;
			productRefGroup = 30D70AAC26164D1B0021C436 /* Products */;
			projectDirPath = "";
			projectRoot = "";
			targets = (
				30D70AAA26164D1B0021C436 /* DistoMeasure */,
			);
		};
/* End PBXProject section */

/* Begin PBXResourcesBuildPhase section */
		30D70AA926164D1B0021C436 /* Resources */ = {
			isa = PBXResourcesBuildPhase;
			buildActionMask = 2147483647;
			files = (
				30D70ABB26164D1C0021C436 /* LaunchScreen.storyboard in Resources */,
				30D70AB826164D1C0021C436 /* Assets.xcassets in Resources */,
				30D70AB626164D1B0021C436 /* Main.storyboard in Resources */,
				3098131F2643E10800D6E5D9 /* external-content.duckduckgo.png in Resources */,
			);
			runOnlyForDeploymentPostprocessing = 0;
		};
/* End PBXResourcesBuildPhase section */

/* Begin PBXSourcesBuildPhase section */
		30D70AA726164D1B0021C436 /* Sources */ = {
			isa = PBXSourcesBuildPhase;
			buildActionMask = 2147483647;
			files = (
				30D70AB326164D1B0021C436 /* ViewController.swift in Sources */,
				309812F72643899600D6E5D9 /* Shaders.metal in Sources */,
				30D70AAF26164D1B0021C436 /* AppDelegate.swift in Sources */,
				309812F1263B358C00D6E5D9 /* Renderer.swift in Sources */,
				30D70AB126164D1B0021C436 /* SceneDelegate.swift in Sources */,
			);
			runOnlyForDeploymentPostprocessing = 0;
		};
/* End PBXSourcesBuildPhase section */

/* Begin PBXVariantGroup section */
		30D70AB426164D1B0021C436 /* Main.storyboard */ = {
			isa = PBXVariantGroup;
			children = (
				30D70AB526164D1B0021C436 /* Base */,
			);
			name = Main.storyboard;
			sourceTree = "<group>";
		};
		30D70AB926164D1C0021C436 /* LaunchScreen.storyboard */ = {
			isa = PBXVariantGroup;
			children = (
				30D70ABA26164D1C0021C436 /* Base */,
			);
			name = LaunchScreen.storyboard;
			sourceTree = "<group>";
		};
/* End PBXVariantGroup section */

/* Begin XCBuildConfiguration section */
		30D70ABD26164D1C0021C436 /* Debug */ = {
			isa = XCBuildConfiguration;
			buildSettings = {
				ALWAYS_SEARCH_USER_PATHS = NO;
				CLANG_ANALYZER_NONNULL = YES;
				CLANG_ANALYZER_NUMBER_OBJECT_CONVERSION = YES_AGGRESSIVE;
				CLANG_CXX_LANGUAGE_STANDARD = "gnu++14";
				CLANG_CXX_LIBRARY = "libc++";
				CLANG_ENABLE_MODULES = YES;
				CLANG_ENABLE_OBJC_ARC = YES;
				CLANG_ENABLE_OBJC_WEAK = YES;
				CLANG_WARN_BLOCK_CAPTURE_AUTORELEASING = YES;
				CLANG_WARN_BOOL_CONVERSION = YES;
				CLANG_WARN_COMMA = YES;
				CLANG_WARN_CONSTANT_CONVERSION = YES;
				CLANG_WARN_DEPRECATED_OBJC_IMPLEMENTATIONS = YES;
				CLANG_WARN_DIRECT_OBJC_ISA_USAGE = YES_ERROR;
				CLANG_WARN_DOCUMENTATION_COMMENTS = YES;
				CLANG_WARN_EMPTY_BODY = YES;
				CLANG_WARN_ENUM_CONVERSION = YES;
				CLANG_WARN_INFINITE_RECURSION = YES;
				CLANG_WARN_INT_CONVERSION = YES;
				CLANG_WARN_NON_LITERAL_NULL_CONVERSION = YES;
				CLANG_WARN_OBJC_IMPLICIT_RETAIN_SELF = YES;
				CLANG_WARN_OBJC_LITERAL_CONVERSION = YES;
				CLANG_WARN_OBJC_ROOT_CLASS = YES_ERROR;
				CLANG_WARN_QUOTED_INCLUDE_IN_FRAMEWORK_HEADER = YES;
				CLANG_WARN_RANGE_LOOP_ANALYSIS = YES;
				CLANG_WARN_STRICT_PROTOTYPES = YES;
				CLANG_WARN_SUSPICIOUS_MOVE = YES;
				CLANG_WARN_UNGUARDED_AVAILABILITY = YES_AGGRESSIVE;
				CLANG_WARN_UNREACHABLE_CODE = YES;
				CLANG_WARN__DUPLICATE_METHOD_MATCH = YES;
				COPY_PHASE_STRIP = NO;
				DEBUG_INFORMATION_FORMAT = dwarf;
				ENABLE_STRICT_OBJC_MSGSEND = YES;
				ENABLE_TESTABILITY = YES;
				GCC_C_LANGUAGE_STANDARD = gnu11;
				GCC_DYNAMIC_NO_PIC = NO;
				GCC_NO_COMMON_BLOCKS = YES;
				GCC_OPTIMIZATION_LEVEL = 0;
				GCC_PREPROCESSOR_DEFINITIONS = (
					"DEBUG=1",
					"$(inherited)",
				);
				GCC_WARN_64_TO_32_BIT_CONVERSION = YES;
				GCC_WARN_ABOUT_RETURN_TYPE = YES_ERROR;
				GCC_WARN_UNDECLARED_SELECTOR = YES;
				GCC_WARN_UNINITIALIZED_AUTOS = YES_AGGRESSIVE;
				GCC_WARN_UNUSED_FUNCTION = YES;
				GCC_WARN_UNUSED_VARIABLE = YES;
				IPHONEOS_DEPLOYMENT_TARGET = 14.4;
				MTL_ENABLE_DEBUG_INFO = INCLUDE_SOURCE;
				MTL_FAST_MATH = YES;
				ONLY_ACTIVE_ARCH = YES;
				SDKROOT = iphoneos;
				SWIFT_ACTIVE_COMPILATION_CONDITIONS = DEBUG;
				SWIFT_OPTIMIZATION_LEVEL = "-Onone";
			};
			name = Debug;
		};
		30D70ABE26164D1C0021C436 /* Release */ = {
			isa = XCBuildConfiguration;
			buildSettings = {
				ALWAYS_SEARCH_USER_PATHS = NO;
				CLANG_ANALYZER_NONNULL = YES;
				CLANG_ANALYZER_NUMBER_OBJECT_CONVERSION = YES_AGGRESSIVE;
				CLANG_CXX_LANGUAGE_STANDARD = "gnu++14";
				CLANG_CXX_LIBRARY = "libc++";
				CLANG_ENABLE_MODULES = YES;
				CLANG_ENABLE_OBJC_ARC = YES;
				CLANG_ENABLE_OBJC_WEAK = YES;
				CLANG_WARN_BLOCK_CAPTURE_AUTORELEASING = YES;
				CLANG_WARN_BOOL_CONVERSION = YES;
				CLANG_WARN_COMMA = YES;
				CLANG_WARN_CONSTANT_CONVERSION = YES;
				CLANG_WARN_DEPRECATED_OBJC_IMPLEMENTATIONS = YES;
				CLANG_WARN_DIRECT_OBJC_ISA_USAGE = YES_ERROR;
				CLANG_WARN_DOCUMENTATION_COMMENTS = YES;
				CLANG_WARN_EMPTY_BODY = YES;
				CLANG_WARN_ENUM_CONVERSION = YES;
				CLANG_WARN_INFINITE_RECURSION = YES;
				CLANG_WARN_INT_CONVERSION = YES;
				CLANG_WARN_NON_LITERAL_NULL_CONVERSION = YES;
				CLANG_WARN_OBJC_IMPLICIT_RETAIN_SELF = YES;
				CLANG_WARN_OBJC_LITERAL_CONVERSION = YES;
				CLANG_WARN_OBJC_ROOT_CLASS = YES_ERROR;
				CLANG_WARN_QUOTED_INCLUDE_IN_FRAMEWORK_HEADER = YES;
				CLANG_WARN_RANGE_LOOP_ANALYSIS = YES;
				CLANG_WARN_STRICT_PROTOTYPES = YES;
				CLANG_WARN_SUSPICIOUS_MOVE = YES;
				CLANG_WARN_UNGUARDED_AVAILABILITY = YES_AGGRESSIVE;
				CLANG_WARN_UNREACHABLE_CODE = YES;
				CLANG_WARN__DUPLICATE_METHOD_MATCH = YES;
				COPY_PHASE_STRIP = NO;
				DEBUG_INFORMATION_FORMAT = "dwarf-with-dsym";
				ENABLE_NS_ASSERTIONS = NO;
				ENABLE_STRICT_OBJC_MSGSEND = YES;
				GCC_C_LANGUAGE_STANDARD = gnu11;
				GCC_NO_COMMON_BLOCKS = YES;
				GCC_WARN_64_TO_32_BIT_CONVERSION = YES;
				GCC_WARN_ABOUT_RETURN_TYPE = YES_ERROR;
				GCC_WARN_UNDECLARED_SELECTOR = YES;
				GCC_WARN_UNINITIALIZED_AUTOS = YES_AGGRESSIVE;
				GCC_WARN_UNUSED_FUNCTION = YES;
				GCC_WARN_UNUSED_VARIABLE = YES;
				IPHONEOS_DEPLOYMENT_TARGET = 14.4;
				MTL_ENABLE_DEBUG_INFO = NO;
				MTL_FAST_MATH = YES;
				SDKROOT = iphoneos;
				SWIFT_COMPILATION_MODE = wholemodule;
				SWIFT_OPTIMIZATION_LEVEL = "-O";
				VALIDATE_PRODUCT = YES;
			};
			name = Release;
		};
		30D70AC026164D1C0021C436 /* Debug */ = {
			isa = XCBuildConfiguration;
			buildSettings = {
				ASSETCATALOG_COMPILER_APPICON_NAME = AppIcon;
				ASSETCATALOG_COMPILER_GLOBAL_ACCENT_COLOR_NAME = AccentColor;
				CODE_SIGN_STYLE = Automatic;
				DEVELOPMENT_TEAM = NQ4D6T8D3L;
				INFOPLIST_FILE = WorldTracking/Info.plist;
				LD_RUNPATH_SEARCH_PATHS = (
					"$(inherited)",
					"@executable_path/Frameworks",
				);
				PRODUCT_BUNDLE_IDENTIFIER = NYUTandonEG1003.WorldTracking;
				PRODUCT_NAME = "$(TARGET_NAME)";
				SWIFT_VERSION = 5.0;
				TARGETED_DEVICE_FAMILY = "1,2";
			};
			name = Debug;
		};
		30D70AC126164D1C0021C436 /* Release */ = {
			isa = XCBuildConfiguration;
			buildSettings = {
				ASSETCATALOG_COMPILER_APPICON_NAME = AppIcon;
				ASSETCATALOG_COMPILER_GLOBAL_ACCENT_COLOR_NAME = AccentColor;
				CODE_SIGN_STYLE = Automatic;
				DEVELOPMENT_TEAM = NQ4D6T8D3L;
				INFOPLIST_FILE = WorldTracking/Info.plist;
				LD_RUNPATH_SEARCH_PATHS = (
					"$(inherited)",
					"@executable_path/Frameworks",
				);
				PRODUCT_BUNDLE_IDENTIFIER = NYUTandonEG1003.WorldTracking;
				PRODUCT_NAME = "$(TARGET_NAME)";
				SWIFT_VERSION = 5.0;
				TARGETED_DEVICE_FAMILY = "1,2";
			};
			name = Release;
		};
/* End XCBuildConfiguration section */

/* Begin XCConfigurationList section */
		30D70AA626164D1B0021C436 /* Build configuration list for PBXProject "DistoMeasure" */ = {
			isa = XCConfigurationList;
			buildConfigurations = (
				30D70ABD26164D1C0021C436 /* Debug */,
				30D70ABE26164D1C0021C436 /* Release */,
			);
			defaultConfigurationIsVisible = 0;
			defaultConfigurationName = Release;
		};
		30D70ABF26164D1C0021C436 /* Build configuration list for PBXNativeTarget "DistoMeasure" */ = {
			isa = XCConfigurationList;
			buildConfigurations = (
				30D70AC026164D1C0021C436 /* Debug */,
				30D70AC126164D1C0021C436 /* Release */,
			);
			defaultConfigurationIsVisible = 0;
			defaultConfigurationName = Release;
		};
/* End XCConfigurationList section */
	};
	rootObject = 30D70AA326164D1B0021C436 /* Project object */;
}
